
Microsoft Visual Studio Solution File, Format Version 12.00
# Visual Studio 15
VisualStudioVersion = 15.0.34112.143
MinimumVisualStudioVersion = 10.0.40219.1
Project("{FAE04EC0-301F-11D3-BF4B-00C04F79EFBC}") = "BAEKJOON", "BAEKJOON\BAEKJOON.csproj", "{81586D22-6D4B-426D-80C5-74C42B4F7E0F}"
EndProject
Global
	GlobalSection(SolutionConfigurationPlatforms) = preSolution
		Debug|Any CPU = Debug|Any CPU
		Release|Any CPU = Release|Any CPU
	EndGlobalSection
	GlobalSection(ProjectConfigurationPlatforms) = postSolution
		{81586D22-6D4B-426D-80C5-74C42B4F7E0F}.Debug|Any CPU.ActiveCfg = Debug|Any CPU
		{81586D22-6D4B-426D-80C5-74C42B4F7E0F}.Debug|Any CPU.Build.0 = Debug|Any CPU
		{81586D22-6D4B-426D-80C5-74C42B4F7E0F}.Release|Any CPU.ActiveCfg = Release|Any CPU
		{81586D22-6D4B-426D-80C5-74C42B4F7E0F}.Release|Any CPU.Build.0 = Release|Any CPU
	EndGlobalSection
	GlobalSection(SolutionProperties) = preSolution
		HideSolutionNode = FALSE
	EndGlobalSection
	GlobalSection(ExtensibilityGlobals) = postSolution
		SolutionGuid = {49888DDE-584D-4DCB-AF88-6F645BBBA038}
	EndGlobalSection
EndGlobal
